
Microsoft Visual Studio Solution File, Format Version 12.00
# Visual Studio Version 16
VisualStudioVersion = 16.0.29411.108
MinimumVisualStudioVersion = 10.0.40219.1
Project("{8BC9CEB8-8B4A-11D0-8D11-00A0C91BC942}") = "LR5_Variant_4", "LR5_Variant_4\LR5_Variant_4.vcxproj", "{3961B7DB-F8F4-4CE4-8882-E8164E7FA190}"
EndProject
Global
	GlobalSection(SolutionConfigurationPlatforms) = preSolution
		Debug|x64 = Debug|x64
		Debug|x86 = Debug|x86
		Release|x64 = Release|x64
		Release|x86 = Release|x86
	EndGlobalSection
	GlobalSection(ProjectConfigurationPlatforms) = postSolution
		{3961B7DB-F8F4-4CE4-8882-E8164E7FA190}.Debug|x64.ActiveCfg = Debug|x64
		{3961B7DB-F8F4-4CE4-8882-E8164E7FA190}.Debug|x64.Build.0 = Debug|x64
		{3961B7DB-F8F4-4CE4-8882-E8164E7FA190}.Debug|x86.ActiveCfg = Debug|Win32
		{3961B7DB-F8F4-4CE4-8882-E8164E7FA190}.Debug|x86.Build.0 = Debug|Win32
		{3961B7DB-F8F4-4CE4-8882-E8164E7FA190}.Release|x64.ActiveCfg = Release|x64
		{3961B7DB-F8F4-4CE4-8882-E8164E7FA190}.Release|x64.Build.0 = Release|x64
		{3961B7DB-F8F4-4CE4-8882-E8164E7FA190}.Release|x86.ActiveCfg = Release|Win32
		{3961B7DB-F8F4-4CE4-8882-E8164E7FA190}.Release|x86.Build.0 = Release|Win32
	EndGlobalSection
	GlobalSection(SolutionProperties) = preSolution
		HideSolutionNode = FALSE
	EndGlobalSection
	GlobalSection(ExtensibilityGlobals) = postSolution
		SolutionGuid = {28A417FF-6169-47F0-A03A-7B3AFB473C83}
	EndGlobalSection
EndGlobal
